
Microsoft Visual Studio Solution File, Format Version 12.00
# Visual Studio Version 17
VisualStudioVersion = 17.0.31919.166
MinimumVisualStudioVersion = 10.0.40219.1
Project("{9A19103F-16F7-4668-BE54-9A1E7A4F7556}") = "Dotos", "Dotos\Dotos.csproj", "{BFA7A272-0810-4415-8731-91BEFB2E401D}"
EndProject
Project("{2150E333-8FDC-42A3-9474-1A3956D46DE8}") = "Solution Items", "Solution Items", "{0B87977D-BE3A-433B-8D11-6FCBA8C9D06E}"
	ProjectSection(SolutionItems) = preProject
		.editorconfig = .editorconfig
	EndProjectSection
EndProject
Project("{9A19103F-16F7-4668-BE54-9A1E7A4F7556}") = "Scheduler", "Scheduler\Scheduler.csproj", "{CF6B213F-D75A-40E4-9D63-180E4B80F2D8}"
EndProject
Global
	GlobalSection(SolutionConfigurationPlatforms) = preSolution
		Debug|Any CPU = Debug|Any CPU
		Release|Any CPU = Release|Any CPU
	EndGlobalSection
	GlobalSection(ProjectConfigurationPlatforms) = postSolution
		{BFA7A272-0810-4415-8731-91BEFB2E401D}.Debug|Any CPU.ActiveCfg = Debug|Any CPU
		{BFA7A272-0810-4415-8731-91BEFB2E401D}.Debug|Any CPU.Build.0 = Debug|Any CPU
		{BFA7A272-0810-4415-8731-91BEFB2E401D}.Release|Any CPU.ActiveCfg = Release|Any CPU
		{BFA7A272-0810-4415-8731-91BEFB2E401D}.Release|Any CPU.Build.0 = Release|Any CPU
		{CF6B213F-D75A-40E4-9D63-180E4B80F2D8}.Debug|Any CPU.ActiveCfg = Debug|Any CPU
		{CF6B213F-D75A-40E4-9D63-180E4B80F2D8}.Debug|Any CPU.Build.0 = Debug|Any CPU
		{CF6B213F-D75A-40E4-9D63-180E4B80F2D8}.Release|Any CPU.ActiveCfg = Release|Any CPU
		{CF6B213F-D75A-40E4-9D63-180E4B80F2D8}.Release|Any CPU.Build.0 = Release|Any CPU
	EndGlobalSection
	GlobalSection(SolutionProperties) = preSolution
		HideSolutionNode = FALSE
	EndGlobalSection
	GlobalSection(ExtensibilityGlobals) = postSolution
		SolutionGuid = {D615A105-7DCA-4BD8-80D9-DA1960F2EEE5}
	EndGlobalSection
EndGlobal
